{
  "name": "client",
  "lockfileVersion": 3,
  "requires": true,
  "packages": {
    "": {
      "dependencies": {
        "@protobuf-ts/runtime": "^2.9.4",
        "@sanjo/game-engine": "file:../../@sanjo/game-engine",
        "rxjs": "^7.8.1",
        "test-project-shared": "file:../shared"
      }
    },
    "../../@sanjo/game-engine": {
      "version": "0.0.0",
      "dependencies": {
        "@pixi/tilemap": "pixijs/tilemap#123f8530c10bb1de790346d435ad65345ce8b2ae",
        "pixi.js": "^7.3.2",
        "rxjs": "^7.8.1"
      },
      "devDependencies": {
        "esbuild": "^0.19.2",
        "prettier": "^3.0.2",
        "typescript": "^5.2.2"
      }
    },
    "../@sanjo/game-engine": {
      "version": "0.0.0",
      "extraneous": true,
      "dependencies": {
        "@pixi/tilemap": "pixijs/tilemap#123f8530c10bb1de790346d435ad65345ce8b2ae",
        "@sanjo/mmog-client": "file:../../projects/mmog/packages/client",
        "pixi.js": "^7.3.2",
        "rxjs": "^7.8.1"
      },
      "devDependencies": {
        "esbuild": "^0.19.2",
        "prettier": "^3.0.2",
        "typescript": "^5.2.2"
      }
    },
    "../shared": {
      "name": "test-project-shared",
      "devDependencies": {
        "@protobuf-ts/plugin": "^2.9.4"
      }
    },
    "node_modules/@protobuf-ts/runtime": {
      "version": "2.9.4",
      "resolved": "https://registry.npmjs.org/@protobuf-ts/runtime/-/runtime-2.9.4.tgz",
      "integrity": "sha512-vHRFWtJJB/SiogWDF0ypoKfRIZ41Kq+G9cEFj6Qm1eQaAhJ1LDFvgZ7Ja4tb3iLOQhz0PaoPnnOijF1qmEqTxg=="
    },
    "node_modules/@sanjo/game-engine": {
      "resolved": "../../@sanjo/game-engine",
      "link": true
    },
    "node_modules/projects/mmog/packages/client": {
      "extraneous": true
    },
    "node_modules/rxjs": {
      "version": "7.8.1",
      "resolved": "https://registry.npmjs.org/rxjs/-/rxjs-7.8.1.tgz",
      "integrity": "sha512-AA3TVj+0A2iuIoQkWEK/tqFjBq2j+6PO6Y0zJcvzLAFhEFIO3HL0vls9hWLncZbAAbK0mar7oZ4V079I/qPMxg==",
      "dependencies": {
        "tslib": "^2.1.0"
      }
    },
    "node_modules/test-project-shared": {
      "resolved": "../shared",
      "link": true
    },
    "node_modules/tslib": {
      "version": "2.6.2",
      "resolved": "https://registry.npmjs.org/tslib/-/tslib-2.6.2.tgz",
      "integrity": "sha512-AEYxH93jGFPn/a2iVAwW87VuUIkR1FVUKB77NwMF7nBTDkDrrT/Hpt/IrCJ0QXhW27jTBDcf5ZY7w6RiqTMw2Q=="
    }
  }
}
